
Microsoft Visual Studio Solution File, Format Version 12.00
# Visual Studio 15
VisualStudioVersion = 15.0.26730.16
MinimumVisualStudioVersion = 10.0.40219.1
Project("{FAE04EC0-301F-11D3-BF4B-00C04F79EFBC}") = "HostageNegociator", "HostageNegociator\HostageNegociator.csproj", "{7AD52B5F-1039-48B8-8546-C7765F785F70}"
EndProject
Global
	GlobalSection(SolutionConfigurationPlatforms) = preSolution
		Debug|Any CPU = Debug|Any CPU
		Release|Any CPU = Release|Any CPU
	EndGlobalSection
	GlobalSection(ProjectConfigurationPlatforms) = postSolution
		{7AD52B5F-1039-48B8-8546-C7765F785F70}.Debug|Any CPU.ActiveCfg = Debug|Any CPU
		{7AD52B5F-1039-48B8-8546-C7765F785F70}.Debug|Any CPU.Build.0 = Debug|Any CPU
		{7AD52B5F-1039-48B8-8546-C7765F785F70}.Debug|Any CPU.Deploy.0 = Debug|Any CPU
		{7AD52B5F-1039-48B8-8546-C7765F785F70}.Release|Any CPU.ActiveCfg = Release|Any CPU
		{7AD52B5F-1039-48B8-8546-C7765F785F70}.Release|Any CPU.Build.0 = Release|Any CPU
		{7AD52B5F-1039-48B8-8546-C7765F785F70}.Release|Any CPU.Deploy.0 = Release|Any CPU
	EndGlobalSection
	GlobalSection(SolutionProperties) = preSolution
		HideSolutionNode = FALSE
	EndGlobalSection
	GlobalSection(ExtensibilityGlobals) = postSolution
		SolutionGuid = {652A1A35-3B02-4130-ADCB-62E93D0B9934}
	EndGlobalSection
EndGlobal
